
Microsoft Visual Studio Solution File, Format Version 12.00
# Visual Studio 15
VisualStudioVersion = 15.0.28307.329
MinimumVisualStudioVersion = 10.0.40219.1
Project("{FAE04EC0-301F-11D3-BF4B-00C04F79EFBC}") = "Challenge205", "Challenge205\Challenge205.csproj", "{136DF23E-62B1-4F79-A786-9020D997F418}"
EndProject
Global
	GlobalSection(SolutionConfigurationPlatforms) = preSolution
		Debug|Any CPU = Debug|Any CPU
		Release|Any CPU = Release|Any CPU
	EndGlobalSection
	GlobalSection(ProjectConfigurationPlatforms) = postSolution
		{136DF23E-62B1-4F79-A786-9020D997F418}.Debug|Any CPU.ActiveCfg = Debug|Any CPU
		{136DF23E-62B1-4F79-A786-9020D997F418}.Debug|Any CPU.Build.0 = Debug|Any CPU
		{136DF23E-62B1-4F79-A786-9020D997F418}.Release|Any CPU.ActiveCfg = Release|Any CPU
		{136DF23E-62B1-4F79-A786-9020D997F418}.Release|Any CPU.Build.0 = Release|Any CPU
	EndGlobalSection
	GlobalSection(SolutionProperties) = preSolution
		HideSolutionNode = FALSE
	EndGlobalSection
	GlobalSection(ExtensibilityGlobals) = postSolution
		SolutionGuid = {FBED24D7-664D-4A10-A5E8-9720C0E0E3DF}
	EndGlobalSection
EndGlobal
