
Microsoft Visual Studio Solution File, Format Version 12.00
# Visual Studio 15
VisualStudioVersion = 15.0.28307.329
MinimumVisualStudioVersion = 10.0.40219.1
Project("{FAE04EC0-301F-11D3-BF4B-00C04F79EFBC}") = "Challenge206", "Challenge206\Challenge206.csproj", "{71C236D4-9A4A-4BDB-B487-F3F66004CF37}"
EndProject
Global
	GlobalSection(SolutionConfigurationPlatforms) = preSolution
		Debug|Any CPU = Debug|Any CPU
		Release|Any CPU = Release|Any CPU
	EndGlobalSection
	GlobalSection(ProjectConfigurationPlatforms) = postSolution
		{71C236D4-9A4A-4BDB-B487-F3F66004CF37}.Debug|Any CPU.ActiveCfg = Debug|Any CPU
		{71C236D4-9A4A-4BDB-B487-F3F66004CF37}.Debug|Any CPU.Build.0 = Debug|Any CPU
		{71C236D4-9A4A-4BDB-B487-F3F66004CF37}.Release|Any CPU.ActiveCfg = Release|Any CPU
		{71C236D4-9A4A-4BDB-B487-F3F66004CF37}.Release|Any CPU.Build.0 = Release|Any CPU
	EndGlobalSection
	GlobalSection(SolutionProperties) = preSolution
		HideSolutionNode = FALSE
	EndGlobalSection
	GlobalSection(ExtensibilityGlobals) = postSolution
		SolutionGuid = {F334E415-B441-4A00-B0E0-99A55665D27D}
	EndGlobalSection
EndGlobal
